
Microsoft Visual Studio Solution File, Format Version 12.00
# Visual Studio Version 17
VisualStudioVersion = 17.7.34031.279
MinimumVisualStudioVersion = 10.0.40219.1
Project("{FAE04EC0-301F-11D3-BF4B-00C04F79EFBC}") = "ProjectLibrary", "ProjectLibrary\ProjectLibrary.csproj", "{E97BA96D-68CF-4886-9A9C-D2C7092E03EF}"
EndProject
Project("{FAE04EC0-301F-11D3-BF4B-00C04F79EFBC}") = "HiperMercado", "HiperMercado\HiperMercado.csproj", "{9068994A-CFAE-4A4E-842A-11437A8B656C}"
EndProject
Global
	GlobalSection(SolutionConfigurationPlatforms) = preSolution
		Debug|Any CPU = Debug|Any CPU
		Release|Any CPU = Release|Any CPU
	EndGlobalSection
	GlobalSection(ProjectConfigurationPlatforms) = postSolution
		{E97BA96D-68CF-4886-9A9C-D2C7092E03EF}.Debug|Any CPU.ActiveCfg = Debug|Any CPU
		{E97BA96D-68CF-4886-9A9C-D2C7092E03EF}.Debug|Any CPU.Build.0 = Debug|Any CPU
		{E97BA96D-68CF-4886-9A9C-D2C7092E03EF}.Release|Any CPU.ActiveCfg = Release|Any CPU
		{E97BA96D-68CF-4886-9A9C-D2C7092E03EF}.Release|Any CPU.Build.0 = Release|Any CPU
		{9068994A-CFAE-4A4E-842A-11437A8B656C}.Debug|Any CPU.ActiveCfg = Debug|Any CPU
		{9068994A-CFAE-4A4E-842A-11437A8B656C}.Debug|Any CPU.Build.0 = Debug|Any CPU
		{9068994A-CFAE-4A4E-842A-11437A8B656C}.Release|Any CPU.ActiveCfg = Release|Any CPU
		{9068994A-CFAE-4A4E-842A-11437A8B656C}.Release|Any CPU.Build.0 = Release|Any CPU
	EndGlobalSection
	GlobalSection(SolutionProperties) = preSolution
		HideSolutionNode = FALSE
	EndGlobalSection
	GlobalSection(ExtensibilityGlobals) = postSolution
		SolutionGuid = {71A27509-84C6-4B65-B2E4-48F53A64D2B1}
	EndGlobalSection
EndGlobal
